<?xml version="1.0" encoding="utf-8"?>
<Project ToolsVersion="4.0" xmlns="http://schemas.microsoft.com/developer/msbuild/2003">
  <ItemGroup>
    <Filter Include="Source Files">
      <UniqueIdentifier>{29d82e5e-0054-42b1-8ab7-c6d9e5c9f5b5}</UniqueIdentifier>
      <Extensions>cpp;c;cxx;def;odl;idl;hpj;bat;asm</Extensions>
    </Filter>
    <Filter Include="Header Files">
      <UniqueIdentifier>{8ef4f487-3a59-41d7-b1c5-03c46d140154}</UniqueIdentifier>
      <Extensions>h;hpp;hxx;hm;inl;inc</Extensions>
    </Filter>
    <Filter Include="Common">
      <UniqueIdentifier>{ab0f793a-2362-4a0c-9735-ade5eed71ee1}</UniqueIdentifier>
    </Filter>
  </ItemGroup>
  <ItemGroup>
    <ClCompile Include="client\PcSpeakerClient.cpp">
      <Filter>Source Files</Filter>
    </ClCompile>
    <ClCompile Include="client\main.cpp">
      <Filter>Source Files</Filter>
    </ClCompile>
    <ClCompile Include="common\const.cpp">
      <Filter>Common</Filter>
    </ClCompile>
  </ItemGroup>
  <ItemGroup>
    <ClInclude Include="client\PcSpeakerClient.h">
      <Filter>Header Files</Filter>
    </ClInclude>
    <ClInclude Include="common\PcSpeakerIoctl.h">
      <Filter>Common</Filter>
    </ClInclude>
    <ClInclude Include="common\const.h">
      <Filter>Common</Filter>
    </ClInclude>
  </ItemGroup>
</Project>