<?xml version="1.0" encoding="utf-8"?>
<Project ToolsVersion="4.0" xmlns="http://schemas.microsoft.com/developer/msbuild/2003">
  <ItemGroup>
    <Filter Include="Source Files">
      <UniqueIdentifier>{e1c2b9ee-d4bb-40c5-af7d-2d4b456d2b9c}</UniqueIdentifier>
      <Extensions>cpp;c;cxx;def;odl;idl;hpj;bat;asm</Extensions>
    </Filter>
    <Filter Include="Header Files">
      <UniqueIdentifier>{4ae505d7-54de-49e7-b498-f4bfc7890f56}</UniqueIdentifier>
      <Extensions>h;hpp;hxx;hm;inl;inc</Extensions>
    </Filter>
    <Filter Include="Resource Files">
      <UniqueIdentifier>{35afd8d2-e786-433d-99b9-c79dab035fb5}</UniqueIdentifier>
      <Extensions>rc;ico;cur;bmp;dlg;rc2;rct;bin;rgs;gif;jpg;jpeg;jpe</Extensions>
    </Filter>
    <Filter Include="Common">
      <UniqueIdentifier>{bb3f9ecf-d7d7-4a09-bbd5-3986d76bd4ad}</UniqueIdentifier>
    </Filter>
  </ItemGroup>
  <ItemGroup>
    <ClCompile Include="driver\PcSpeakerCode.cpp">
      <Filter>Source Files</Filter>
    </ClCompile>
    <ClCompile Include="driver\PcSpeakerDevice.cpp">
      <Filter>Source Files</Filter>
    </ClCompile>
    <ClCompile Include="driver\PcSpeakerDriver.cpp">
      <Filter>Source Files</Filter>
    </ClCompile>
    <ClCompile Include="driver\PcSpeakerServer.cpp">
      <Filter>Source Files</Filter>
    </ClCompile>
    <ClCompile Include="..\..\Source\XDK\driverEntry.cpp">
      <Filter>Source Files</Filter>
    </ClCompile>
    <ClCompile Include="common\const.cpp">
      <Filter>Common</Filter>
    </ClCompile>
  </ItemGroup>
  <ItemGroup>
    <ClInclude Include="driver\PcSpeakerDevice.h">
      <Filter>Header Files</Filter>
    </ClInclude>
    <ClInclude Include="driver\PcSpeakerDriver.h">
      <Filter>Header Files</Filter>
    </ClInclude>
    <ClInclude Include="driver\PcSpeakerServer.h">
      <Filter>Header Files</Filter>
    </ClInclude>
    <ClInclude Include="driver\driverConsts.h">
      <Filter>Header Files</Filter>
    </ClInclude>
    <ClInclude Include="common\PcSpeakerIoctl.h">
      <Filter>Common</Filter>
    </ClInclude>
    <ClInclude Include="common\const.h">
      <Filter>Common</Filter>
    </ClInclude>
  </ItemGroup>
</Project>